# This file is automatically @generated by Cargo.
# It is not intended for manual editing.
version = 4

[[package]]
name = "oneshot"
version = "0.1.9"
source = "registry+https://github.com/rust-lang/crates.io-index"
checksum = "a746771e3a5eabec71e587114c13feade48a3c80f61dc4d4bbc6613fe43cfc2f"

[[package]]
name = "ping-pong-rs"
version = "0.1.0"
dependencies = [
 "oneshot",
]
